
Microsoft Visual Studio Solution File, Format Version 12.00
# Visual Studio 15
VisualStudioVersion = 15.0.28010.2046
MinimumVisualStudioVersion = 10.0.40219.1
Project("{FAE04EC0-301F-11D3-BF4B-00C04F79EFBC}") = "BabyationApp.Droid", "BabyationApp\BabyationApp.Droid\BabyationApp.Droid.csproj", "{9B1FB88B-1532-4B5E-AE7A-0A41DD0A7C45}"
EndProject
Project("{FAE04EC0-301F-11D3-BF4B-00C04F79EFBC}") = "BabyationApp.iOS", "BabyationApp\BabyationApp.iOS\BabyationApp.iOS.csproj", "{8231A298-1F85-4553-89EF-053941BFF269}"
EndProject
Project("{FAE04EC0-301F-11D3-BF4B-00C04F79EFBC}") = "BabyationApp", "BabyationApp\BabyationApp\BabyationApp.csproj", "{61702869-11AE-439E-BC66-1E170EF42B43}"
EndProject
Global
	GlobalSection(SolutionConfigurationPlatforms) = preSolution
		Ad-Hoc|Any CPU = Ad-Hoc|Any CPU
		Ad-Hoc|ARM = Ad-Hoc|ARM
		Ad-Hoc|iPhone = Ad-Hoc|iPhone
		Ad-Hoc|iPhoneSimulator = Ad-Hoc|iPhoneSimulator
		Ad-Hoc|x64 = Ad-Hoc|x64
		Ad-Hoc|x86 = Ad-Hoc|x86
		AppStore|Any CPU = AppStore|Any CPU
		AppStore|ARM = AppStore|ARM
		AppStore|iPhone = AppStore|iPhone
		AppStore|iPhoneSimulator = AppStore|iPhoneSimulator
		AppStore|x64 = AppStore|x64
		AppStore|x86 = AppStore|x86
		Debug_Mocked_Pumping_iOS|Any CPU = Debug_Mocked_Pumping_iOS|Any CPU
		Debug_Mocked_Pumping_iOS|ARM = Debug_Mocked_Pumping_iOS|ARM
		Debug_Mocked_Pumping_iOS|iPhone = Debug_Mocked_Pumping_iOS|iPhone
		Debug_Mocked_Pumping_iOS|iPhoneSimulator = Debug_Mocked_Pumping_iOS|iPhoneSimulator
		Debug_Mocked_Pumping_iOS|x64 = Debug_Mocked_Pumping_iOS|x64
		Debug_Mocked_Pumping_iOS|x86 = Debug_Mocked_Pumping_iOS|x86
		Debug_Mocked_Pumping|Any CPU = Debug_Mocked_Pumping|Any CPU
		Debug_Mocked_Pumping|ARM = Debug_Mocked_Pumping|ARM
		Debug_Mocked_Pumping|iPhone = Debug_Mocked_Pumping|iPhone
		Debug_Mocked_Pumping|iPhoneSimulator = Debug_Mocked_Pumping|iPhoneSimulator
		Debug_Mocked_Pumping|x64 = Debug_Mocked_Pumping|x64
		Debug_Mocked_Pumping|x86 = Debug_Mocked_Pumping|x86
		Debug|Any CPU = Debug|Any CPU
		Debug|ARM = Debug|ARM
		Debug|iPhone = Debug|iPhone
		Debug|iPhoneSimulator = Debug|iPhoneSimulator
		Debug|x64 = Debug|x64
		Debug|x86 = Debug|x86
		MockedPumping|Any CPU = MockedPumping|Any CPU
		MockedPumping|ARM = MockedPumping|ARM
		MockedPumping|iPhone = MockedPumping|iPhone
		MockedPumping|iPhoneSimulator = MockedPumping|iPhoneSimulator
		MockedPumping|x64 = MockedPumping|x64
		MockedPumping|x86 = MockedPumping|x86
		Release|Any CPU = Release|Any CPU
		Release|ARM = Release|ARM
		Release|iPhone = Release|iPhone
		Release|iPhoneSimulator = Release|iPhoneSimulator
		Release|x64 = Release|x64
		Release|x86 = Release|x86
	EndGlobalSection
	GlobalSection(ProjectConfigurationPlatforms) = postSolution
		{9B1FB88B-1532-4B5E-AE7A-0A41DD0A7C45}.Ad-Hoc|Any CPU.ActiveCfg = Release|Any CPU
		{9B1FB88B-1532-4B5E-AE7A-0A41DD0A7C45}.Ad-Hoc|Any CPU.Build.0 = Release|Any CPU
		{9B1FB88B-1532-4B5E-AE7A-0A41DD0A7C45}.Ad-Hoc|Any CPU.Deploy.0 = Release|Any CPU
		{9B1FB88B-1532-4B5E-AE7A-0A41DD0A7C45}.Ad-Hoc|ARM.ActiveCfg = Release|Any CPU
		{9B1FB88B-1532-4B5E-AE7A-0A41DD0A7C45}.Ad-Hoc|ARM.Build.0 = Release|Any CPU
		{9B1FB88B-1532-4B5E-AE7A-0A41DD0A7C45}.Ad-Hoc|ARM.Deploy.0 = Release|Any CPU
		{9B1FB88B-1532-4B5E-AE7A-0A41DD0A7C45}.Ad-Hoc|iPhone.ActiveCfg = Release|Any CPU
		{9B1FB88B-1532-4B5E-AE7A-0A41DD0A7C45}.Ad-Hoc|iPhone.Build.0 = Release|Any CPU
		{9B1FB88B-1532-4B5E-AE7A-0A41DD0A7C45}.Ad-Hoc|iPhone.Deploy.0 = Release|Any CPU
		{9B1FB88B-1532-4B5E-AE7A-0A41DD0A7C45}.Ad-Hoc|iPhoneSimulator.ActiveCfg = Release|Any CPU
		{9B1FB88B-1532-4B5E-AE7A-0A41DD0A7C45}.Ad-Hoc|iPhoneSimulator.Build.0 = Release|Any CPU
		{9B1FB88B-1532-4B5E-AE7A-0A41DD0A7C45}.Ad-Hoc|iPhoneSimulator.Deploy.0 = Release|Any CPU
		{9B1FB88B-1532-4B5E-AE7A-0A41DD0A7C45}.Ad-Hoc|x64.ActiveCfg = Release|Any CPU
		{9B1FB88B-1532-4B5E-AE7A-0A41DD0A7C45}.Ad-Hoc|x64.Build.0 = Release|Any CPU
		{9B1FB88B-1532-4B5E-AE7A-0A41DD0A7C45}.Ad-Hoc|x64.Deploy.0 = Release|Any CPU
		{9B1FB88B-1532-4B5E-AE7A-0A41DD0A7C45}.Ad-Hoc|x86.ActiveCfg = Release|Any CPU
		{9B1FB88B-1532-4B5E-AE7A-0A41DD0A7C45}.Ad-Hoc|x86.Build.0 = Release|Any CPU
		{9B1FB88B-1532-4B5E-AE7A-0A41DD0A7C45}.Ad-Hoc|x86.Deploy.0 = Release|Any CPU
		{9B1FB88B-1532-4B5E-AE7A-0A41DD0A7C45}.AppStore|Any CPU.ActiveCfg = Release|Any CPU
		{9B1FB88B-1532-4B5E-AE7A-0A41DD0A7C45}.AppStore|Any CPU.Build.0 = Release|Any CPU
		{9B1FB88B-1532-4B5E-AE7A-0A41DD0A7C45}.AppStore|Any CPU.Deploy.0 = Release|Any CPU
		{9B1FB88B-1532-4B5E-AE7A-0A41DD0A7C45}.AppStore|ARM.ActiveCfg = Release|Any CPU
		{9B1FB88B-1532-4B5E-AE7A-0A41DD0A7C45}.AppStore|ARM.Build.0 = Release|Any CPU
		{9B1FB88B-1532-4B5E-AE7A-0A41DD0A7C45}.AppStore|ARM.Deploy.0 = Release|Any CPU
		{9B1FB88B-1532-4B5E-AE7A-0A41DD0A7C45}.AppStore|iPhone.ActiveCfg = Release|Any CPU
		{9B1FB88B-1532-4B5E-AE7A-0A41DD0A7C45}.AppStore|iPhone.Build.0 = Release|Any CPU
		{9B1FB88B-1532-4B5E-AE7A-0A41DD0A7C45}.AppStore|iPhone.Deploy.0 = Release|Any CPU
		{9B1FB88B-1532-4B5E-AE7A-0A41DD0A7C45}.AppStore|iPhoneSimulator.ActiveCfg = Release|Any CPU
		{9B1FB88B-1532-4B5E-AE7A-0A41DD0A7C45}.AppStore|iPhoneSimulator.Build.0 = Release|Any CPU
		{9B1FB88B-1532-4B5E-AE7A-0A41DD0A7C45}.AppStore|iPhoneSimulator.Deploy.0 = Release|Any CPU
		{9B1FB88B-1532-4B5E-AE7A-0A41DD0A7C45}.AppStore|x64.ActiveCfg = Release|Any CPU
		{9B1FB88B-1532-4B5E-AE7A-0A41DD0A7C45}.AppStore|x64.Build.0 = Release|Any CPU
		{9B1FB88B-1532-4B5E-AE7A-0A41DD0A7C45}.AppStore|x64.Deploy.0 = Release|Any CPU
		{9B1FB88B-1532-4B5E-AE7A-0A41DD0A7C45}.AppStore|x86.ActiveCfg = Release|Any CPU
		{9B1FB88B-1532-4B5E-AE7A-0A41DD0A7C45}.AppStore|x86.Build.0 = Release|Any CPU
		{9B1FB88B-1532-4B5E-AE7A-0A41DD0A7C45}.AppStore|x86.Deploy.0 = Release|Any CPU
		{9B1FB88B-1532-4B5E-AE7A-0A41DD0A7C45}.Debug_Mocked_Pumping_iOS|Any CPU.ActiveCfg = Debug|Any CPU
		{9B1FB88B-1532-4B5E-AE7A-0A41DD0A7C45}.Debug_Mocked_Pumping_iOS|Any CPU.Build.0 = Debug|Any CPU
		{9B1FB88B-1532-4B5E-AE7A-0A41DD0A7C45}.Debug_Mocked_Pumping_iOS|Any CPU.Deploy.0 = Debug|Any CPU
		{9B1FB88B-1532-4B5E-AE7A-0A41DD0A7C45}.Debug_Mocked_Pumping_iOS|ARM.ActiveCfg = Debug|Any CPU
		{9B1FB88B-1532-4B5E-AE7A-0A41DD0A7C45}.Debug_Mocked_Pumping_iOS|ARM.Build.0 = Debug|Any CPU
		{9B1FB88B-1532-4B5E-AE7A-0A41DD0A7C45}.Debug_Mocked_Pumping_iOS|ARM.Deploy.0 = Debug|Any CPU
		{9B1FB88B-1532-4B5E-AE7A-0A41DD0A7C45}.Debug_Mocked_Pumping_iOS|iPhone.ActiveCfg = Debug|Any CPU
		{9B1FB88B-1532-4B5E-AE7A-0A41DD0A7C45}.Debug_Mocked_Pumping_iOS|iPhone.Build.0 = Debug|Any CPU
		{9B1FB88B-1532-4B5E-AE7A-0A41DD0A7C45}.Debug_Mocked_Pumping_iOS|iPhone.Deploy.0 = Debug|Any CPU
		{9B1FB88B-1532-4B5E-AE7A-0A41DD0A7C45}.Debug_Mocked_Pumping_iOS|iPhoneSimulator.ActiveCfg = Debug|Any CPU
		{9B1FB88B-1532-4B5E-AE7A-0A41DD0A7C45}.Debug_Mocked_Pumping_iOS|iPhoneSimulator.Build.0 = Debug|Any CPU
		{9B1FB88B-1532-4B5E-AE7A-0A41DD0A7C45}.Debug_Mocked_Pumping_iOS|iPhoneSimulator.Deploy.0 = Debug|Any CPU
		{9B1FB88B-1532-4B5E-AE7A-0A41DD0A7C45}.Debug_Mocked_Pumping_iOS|x64.ActiveCfg = Debug|Any CPU
		{9B1FB88B-1532-4B5E-AE7A-0A41DD0A7C45}.Debug_Mocked_Pumping_iOS|x64.Build.0 = Debug|Any CPU
		{9B1FB88B-1532-4B5E-AE7A-0A41DD0A7C45}.Debug_Mocked_Pumping_iOS|x64.Deploy.0 = Debug|Any CPU
		{9B1FB88B-1532-4B5E-AE7A-0A41DD0A7C45}.Debug_Mocked_Pumping_iOS|x86.ActiveCfg = Debug|Any CPU
		{9B1FB88B-1532-4B5E-AE7A-0A41DD0A7C45}.Debug_Mocked_Pumping_iOS|x86.Build.0 = Debug|Any CPU
		{9B1FB88B-1532-4B5E-AE7A-0A41DD0A7C45}.Debug_Mocked_Pumping_iOS|x86.Deploy.0 = Debug|Any CPU
		{9B1FB88B-1532-4B5E-AE7A-0A41DD0A7C45}.Debug_Mocked_Pumping|Any CPU.ActiveCfg = Debug|Any CPU
		{9B1FB88B-1532-4B5E-AE7A-0A41DD0A7C45}.Debug_Mocked_Pumping|Any CPU.Build.0 = Debug|Any CPU
		{9B1FB88B-1532-4B5E-AE7A-0A41DD0A7C45}.Debug_Mocked_Pumping|Any CPU.Deploy.0 = Debug|Any CPU
		{9B1FB88B-1532-4B5E-AE7A-0A41DD0A7C45}.Debug_Mocked_Pumping|ARM.ActiveCfg = Debug|Any CPU
		{9B1FB88B-1532-4B5E-AE7A-0A41DD0A7C45}.Debug_Mocked_Pumping|ARM.Build.0 = Debug|Any CPU
		{9B1FB88B-1532-4B5E-AE7A-0A41DD0A7C45}.Debug_Mocked_Pumping|ARM.Deploy.0 = Debug|Any CPU
		{9B1FB88B-1532-4B5E-AE7A-0A41DD0A7C45}.Debug_Mocked_Pumping|iPhone.ActiveCfg = Debug|Any CPU
		{9B1FB88B-1532-4B5E-AE7A-0A41DD0A7C45}.Debug_Mocked_Pumping|iPhone.Build.0 = Debug|Any CPU
		{9B1FB88B-1532-4B5E-AE7A-0A41DD0A7C45}.Debug_Mocked_Pumping|iPhone.Deploy.0 = Debug|Any CPU
		{9B1FB88B-1532-4B5E-AE7A-0A41DD0A7C45}.Debug_Mocked_Pumping|iPhoneSimulator.ActiveCfg = Debug|Any CPU
		{9B1FB88B-1532-4B5E-AE7A-0A41DD0A7C45}.Debug_Mocked_Pumping|iPhoneSimulator.Build.0 = Debug|Any CPU
		{9B1FB88B-1532-4B5E-AE7A-0A41DD0A7C45}.Debug_Mocked_Pumping|iPhoneSimulator.Deploy.0 = Debug|Any CPU
		{9B1FB88B-1532-4B5E-AE7A-0A41DD0A7C45}.Debug_Mocked_Pumping|x64.ActiveCfg = Debug|Any CPU
		{9B1FB88B-1532-4B5E-AE7A-0A41DD0A7C45}.Debug_Mocked_Pumping|x64.Build.0 = Debug|Any CPU
		{9B1FB88B-1532-4B5E-AE7A-0A41DD0A7C45}.Debug_Mocked_Pumping|x64.Deploy.0 = Debug|Any CPU
		{9B1FB88B-1532-4B5E-AE7A-0A41DD0A7C45}.Debug_Mocked_Pumping|x86.ActiveCfg = Debug|Any CPU
		{9B1FB88B-1532-4B5E-AE7A-0A41DD0A7C45}.Debug_Mocked_Pumping|x86.Build.0 = Debug|Any CPU
		{9B1FB88B-1532-4B5E-AE7A-0A41DD0A7C45}.Debug_Mocked_Pumping|x86.Deploy.0 = Debug|Any CPU
		{9B1FB88B-1532-4B5E-AE7A-0A41DD0A7C45}.Debug|Any CPU.ActiveCfg = Debug|Any CPU
		{9B1FB88B-1532-4B5E-AE7A-0A41DD0A7C45}.Debug|Any CPU.Build.0 = Debug|Any CPU
		{9B1FB88B-1532-4B5E-AE7A-0A41DD0A7C45}.Debug|Any CPU.Deploy.0 = Debug|Any CPU
		{9B1FB88B-1532-4B5E-AE7A-0A41DD0A7C45}.Debug|ARM.ActiveCfg = Debug|Any CPU
		{9B1FB88B-1532-4B5E-AE7A-0A41DD0A7C45}.Debug|ARM.Build.0 = Debug|Any CPU
		{9B1FB88B-1532-4B5E-AE7A-0A41DD0A7C45}.Debug|ARM.Deploy.0 = Debug|Any CPU
		{9B1FB88B-1532-4B5E-AE7A-0A41DD0A7C45}.Debug|iPhone.ActiveCfg = Debug|Any CPU
		{9B1FB88B-1532-4B5E-AE7A-0A41DD0A7C45}.Debug|iPhoneSimulator.ActiveCfg = Debug|Any CPU
		{9B1FB88B-1532-4B5E-AE7A-0A41DD0A7C45}.Debug|iPhoneSimulator.Build.0 = Debug|Any CPU
		{9B1FB88B-1532-4B5E-AE7A-0A41DD0A7C45}.Debug|iPhoneSimulator.Deploy.0 = Debug|Any CPU
		{9B1FB88B-1532-4B5E-AE7A-0A41DD0A7C45}.Debug|x64.ActiveCfg = Debug|Any CPU
		{9B1FB88B-1532-4B5E-AE7A-0A41DD0A7C45}.Debug|x64.Build.0 = Debug|Any CPU
		{9B1FB88B-1532-4B5E-AE7A-0A41DD0A7C45}.Debug|x64.Deploy.0 = Debug|Any CPU
		{9B1FB88B-1532-4B5E-AE7A-0A41DD0A7C45}.Debug|x86.ActiveCfg = Debug|Any CPU
		{9B1FB88B-1532-4B5E-AE7A-0A41DD0A7C45}.Debug|x86.Build.0 = Debug|Any CPU
		{9B1FB88B-1532-4B5E-AE7A-0A41DD0A7C45}.Debug|x86.Deploy.0 = Debug|Any CPU
		{9B1FB88B-1532-4B5E-AE7A-0A41DD0A7C45}.MockedPumping|Any CPU.ActiveCfg = MockedPumping|Any CPU
		{9B1FB88B-1532-4B5E-AE7A-0A41DD0A7C45}.MockedPumping|Any CPU.Build.0 = MockedPumping|Any CPU
		{9B1FB88B-1532-4B5E-AE7A-0A41DD0A7C45}.MockedPumping|ARM.ActiveCfg = MockedPumping|Any CPU
		{9B1FB88B-1532-4B5E-AE7A-0A41DD0A7C45}.MockedPumping|ARM.Build.0 = MockedPumping|Any CPU
		{9B1FB88B-1532-4B5E-AE7A-0A41DD0A7C45}.MockedPumping|ARM.Deploy.0 = MockedPumping|Any CPU
		{9B1FB88B-1532-4B5E-AE7A-0A41DD0A7C45}.MockedPumping|iPhone.ActiveCfg = MockedPumping|Any CPU
		{9B1FB88B-1532-4B5E-AE7A-0A41DD0A7C45}.MockedPumping|iPhoneSimulator.ActiveCfg = MockedPumping|Any CPU
		{9B1FB88B-1532-4B5E-AE7A-0A41DD0A7C45}.MockedPumping|iPhoneSimulator.Build.0 = MockedPumping|Any CPU
		{9B1FB88B-1532-4B5E-AE7A-0A41DD0A7C45}.MockedPumping|x64.ActiveCfg = MockedPumping|Any CPU
		{9B1FB88B-1532-4B5E-AE7A-0A41DD0A7C45}.MockedPumping|x64.Build.0 = MockedPumping|Any CPU
		{9B1FB88B-1532-4B5E-AE7A-0A41DD0A7C45}.MockedPumping|x64.Deploy.0 = MockedPumping|Any CPU
		{9B1FB88B-1532-4B5E-AE7A-0A41DD0A7C45}.MockedPumping|x86.ActiveCfg = MockedPumping|Any CPU
		{9B1FB88B-1532-4B5E-AE7A-0A41DD0A7C45}.MockedPumping|x86.Build.0 = MockedPumping|Any CPU
		{9B1FB88B-1532-4B5E-AE7A-0A41DD0A7C45}.MockedPumping|x86.Deploy.0 = MockedPumping|Any CPU
		{9B1FB88B-1532-4B5E-AE7A-0A41DD0A7C45}.Release|Any CPU.ActiveCfg = Release|Any CPU
		{9B1FB88B-1532-4B5E-AE7A-0A41DD0A7C45}.Release|Any CPU.Build.0 = Release|Any CPU
		{9B1FB88B-1532-4B5E-AE7A-0A41DD0A7C45}.Release|Any CPU.Deploy.0 = Release|Any CPU
		{9B1FB88B-1532-4B5E-AE7A-0A41DD0A7C45}.Release|ARM.ActiveCfg = Release|Any CPU
		{9B1FB88B-1532-4B5E-AE7A-0A41DD0A7C45}.Release|ARM.Build.0 = Release|Any CPU
		{9B1FB88B-1532-4B5E-AE7A-0A41DD0A7C45}.Release|ARM.Deploy.0 = Release|Any CPU
		{9B1FB88B-1532-4B5E-AE7A-0A41DD0A7C45}.Release|iPhone.ActiveCfg = Release|Any CPU
		{9B1FB88B-1532-4B5E-AE7A-0A41DD0A7C45}.Release|iPhoneSimulator.ActiveCfg = Release|Any CPU
		{9B1FB88B-1532-4B5E-AE7A-0A41DD0A7C45}.Release|iPhoneSimulator.Build.0 = Release|Any CPU
		{9B1FB88B-1532-4B5E-AE7A-0A41DD0A7C45}.Release|iPhoneSimulator.Deploy.0 = Release|Any CPU
		{9B1FB88B-1532-4B5E-AE7A-0A41DD0A7C45}.Release|x64.ActiveCfg = Release|Any CPU
		{9B1FB88B-1532-4B5E-AE7A-0A41DD0A7C45}.Release|x64.Build.0 = Release|Any CPU
		{9B1FB88B-1532-4B5E-AE7A-0A41DD0A7C45}.Release|x64.Deploy.0 = Release|Any CPU
		{9B1FB88B-1532-4B5E-AE7A-0A41DD0A7C45}.Release|x86.ActiveCfg = Release|Any CPU
		{9B1FB88B-1532-4B5E-AE7A-0A41DD0A7C45}.Release|x86.Build.0 = Release|Any CPU
		{9B1FB88B-1532-4B5E-AE7A-0A41DD0A7C45}.Release|x86.Deploy.0 = Release|Any CPU
		{8231A298-1F85-4553-89EF-053941BFF269}.Ad-Hoc|Any CPU.ActiveCfg = Ad-Hoc|iPhone
		{8231A298-1F85-4553-89EF-053941BFF269}.Ad-Hoc|ARM.ActiveCfg = Ad-Hoc|iPhone
		{8231A298-1F85-4553-89EF-053941BFF269}.Ad-Hoc|iPhone.ActiveCfg = Ad-Hoc|iPhone
		{8231A298-1F85-4553-89EF-053941BFF269}.Ad-Hoc|iPhone.Build.0 = Ad-Hoc|iPhone
		{8231A298-1F85-4553-89EF-053941BFF269}.Ad-Hoc|iPhoneSimulator.ActiveCfg = Ad-Hoc|iPhoneSimulator
		{8231A298-1F85-4553-89EF-053941BFF269}.Ad-Hoc|iPhoneSimulator.Build.0 = Ad-Hoc|iPhoneSimulator
		{8231A298-1F85-4553-89EF-053941BFF269}.Ad-Hoc|x64.ActiveCfg = Ad-Hoc|iPhone
		{8231A298-1F85-4553-89EF-053941BFF269}.Ad-Hoc|x86.ActiveCfg = Ad-Hoc|iPhone
		{8231A298-1F85-4553-89EF-053941BFF269}.AppStore|Any CPU.ActiveCfg = AppStore|iPhone
		{8231A298-1F85-4553-89EF-053941BFF269}.AppStore|ARM.ActiveCfg = AppStore|iPhone
		{8231A298-1F85-4553-89EF-053941BFF269}.AppStore|iPhone.ActiveCfg = AppStore|iPhone
		{8231A298-1F85-4553-89EF-053941BFF269}.AppStore|iPhone.Build.0 = AppStore|iPhone
		{8231A298-1F85-4553-89EF-053941BFF269}.AppStore|iPhoneSimulator.ActiveCfg = AppStore|iPhoneSimulator
		{8231A298-1F85-4553-89EF-053941BFF269}.AppStore|iPhoneSimulator.Build.0 = AppStore|iPhoneSimulator
		{8231A298-1F85-4553-89EF-053941BFF269}.AppStore|x64.ActiveCfg = AppStore|iPhone
		{8231A298-1F85-4553-89EF-053941BFF269}.AppStore|x86.ActiveCfg = AppStore|iPhone
		{8231A298-1F85-4553-89EF-053941BFF269}.Debug_Mocked_Pumping_iOS|Any CPU.ActiveCfg = Release|iPhoneSimulator
		{8231A298-1F85-4553-89EF-053941BFF269}.Debug_Mocked_Pumping_iOS|Any CPU.Build.0 = Release|iPhoneSimulator
		{8231A298-1F85-4553-89EF-053941BFF269}.Debug_Mocked_Pumping_iOS|ARM.ActiveCfg = Release|iPhoneSimulator
		{8231A298-1F85-4553-89EF-053941BFF269}.Debug_Mocked_Pumping_iOS|ARM.Build.0 = Release|iPhoneSimulator
		{8231A298-1F85-4553-89EF-053941BFF269}.Debug_Mocked_Pumping_iOS|iPhone.ActiveCfg = Debug|iPhone
		{8231A298-1F85-4553-89EF-053941BFF269}.Debug_Mocked_Pumping_iOS|iPhone.Build.0 = Debug|iPhone
		{8231A298-1F85-4553-89EF-053941BFF269}.Debug_Mocked_Pumping_iOS|iPhoneSimulator.ActiveCfg = Debug|iPhoneSimulator
		{8231A298-1F85-4553-89EF-053941BFF269}.Debug_Mocked_Pumping_iOS|iPhoneSimulator.Build.0 = Debug|iPhoneSimulator
		{8231A298-1F85-4553-89EF-053941BFF269}.Debug_Mocked_Pumping_iOS|x64.ActiveCfg = Release|iPhoneSimulator
		{8231A298-1F85-4553-89EF-053941BFF269}.Debug_Mocked_Pumping_iOS|x64.Build.0 = Release|iPhoneSimulator
		{8231A298-1F85-4553-89EF-053941BFF269}.Debug_Mocked_Pumping_iOS|x86.ActiveCfg = Release|iPhoneSimulator
		{8231A298-1F85-4553-89EF-053941BFF269}.Debug_Mocked_Pumping_iOS|x86.Build.0 = Release|iPhoneSimulator
		{8231A298-1F85-4553-89EF-053941BFF269}.Debug_Mocked_Pumping|Any CPU.ActiveCfg = Release|iPhoneSimulator
		{8231A298-1F85-4553-89EF-053941BFF269}.Debug_Mocked_Pumping|Any CPU.Build.0 = Release|iPhoneSimulator
		{8231A298-1F85-4553-89EF-053941BFF269}.Debug_Mocked_Pumping|ARM.ActiveCfg = Release|iPhoneSimulator
		{8231A298-1F85-4553-89EF-053941BFF269}.Debug_Mocked_Pumping|ARM.Build.0 = Release|iPhoneSimulator
		{8231A298-1F85-4553-89EF-053941BFF269}.Debug_Mocked_Pumping|iPhone.ActiveCfg = Debug|iPhone
		{8231A298-1F85-4553-89EF-053941BFF269}.Debug_Mocked_Pumping|iPhone.Build.0 = Debug|iPhone
		{8231A298-1F85-4553-89EF-053941BFF269}.Debug_Mocked_Pumping|iPhoneSimulator.ActiveCfg = Debug|iPhoneSimulator
		{8231A298-1F85-4553-89EF-053941BFF269}.Debug_Mocked_Pumping|iPhoneSimulator.Build.0 = Debug|iPhoneSimulator
		{8231A298-1F85-4553-89EF-053941BFF269}.Debug_Mocked_Pumping|x64.ActiveCfg = Release|iPhoneSimulator
		{8231A298-1F85-4553-89EF-053941BFF269}.Debug_Mocked_Pumping|x64.Build.0 = Release|iPhoneSimulator
		{8231A298-1F85-4553-89EF-053941BFF269}.Debug_Mocked_Pumping|x86.ActiveCfg = Release|iPhoneSimulator
		{8231A298-1F85-4553-89EF-053941BFF269}.Debug_Mocked_Pumping|x86.Build.0 = Release|iPhoneSimulator
		{8231A298-1F85-4553-89EF-053941BFF269}.Debug|Any CPU.ActiveCfg = Debug|iPhoneSimulator
		{8231A298-1F85-4553-89EF-053941BFF269}.Debug|ARM.ActiveCfg = Debug|iPhone
		{8231A298-1F85-4553-89EF-053941BFF269}.Debug|iPhone.ActiveCfg = Debug|iPhone
		{8231A298-1F85-4553-89EF-053941BFF269}.Debug|iPhone.Build.0 = Debug|iPhone
		{8231A298-1F85-4553-89EF-053941BFF269}.Debug|iPhoneSimulator.ActiveCfg = Debug|iPhoneSimulator
		{8231A298-1F85-4553-89EF-053941BFF269}.Debug|iPhoneSimulator.Build.0 = Debug|iPhoneSimulator
		{8231A298-1F85-4553-89EF-053941BFF269}.Debug|x64.ActiveCfg = Debug|iPhone
		{8231A298-1F85-4553-89EF-053941BFF269}.Debug|x86.ActiveCfg = Debug|iPhone
		{8231A298-1F85-4553-89EF-053941BFF269}.MockedPumping|Any CPU.ActiveCfg = MockedPumping|iPhoneSimulator
		{8231A298-1F85-4553-89EF-053941BFF269}.MockedPumping|ARM.ActiveCfg = MockedPumping|iPhone
		{8231A298-1F85-4553-89EF-053941BFF269}.MockedPumping|iPhone.ActiveCfg = MockedPumping|iPhone
		{8231A298-1F85-4553-89EF-053941BFF269}.MockedPumping|iPhone.Build.0 = MockedPumping|iPhone
		{8231A298-1F85-4553-89EF-053941BFF269}.MockedPumping|iPhoneSimulator.ActiveCfg = MockedPumping|iPhoneSimulator
		{8231A298-1F85-4553-89EF-053941BFF269}.MockedPumping|iPhoneSimulator.Build.0 = MockedPumping|iPhoneSimulator
		{8231A298-1F85-4553-89EF-053941BFF269}.MockedPumping|x64.ActiveCfg = MockedPumping|iPhone
		{8231A298-1F85-4553-89EF-053941BFF269}.MockedPumping|x86.ActiveCfg = MockedPumping|iPhone
		{8231A298-1F85-4553-89EF-053941BFF269}.Release|Any CPU.ActiveCfg = Release|iPhone
		{8231A298-1F85-4553-89EF-053941BFF269}.Release|ARM.ActiveCfg = Release|iPhone
		{8231A298-1F85-4553-89EF-053941BFF269}.Release|iPhone.ActiveCfg = Release|iPhone
		{8231A298-1F85-4553-89EF-053941BFF269}.Release|iPhone.Build.0 = Release|iPhone
		{8231A298-1F85-4553-89EF-053941BFF269}.Release|iPhoneSimulator.ActiveCfg = Release|iPhoneSimulator
		{8231A298-1F85-4553-89EF-053941BFF269}.Release|iPhoneSimulator.Build.0 = Release|iPhoneSimulator
		{8231A298-1F85-4553-89EF-053941BFF269}.Release|x64.ActiveCfg = Release|iPhone
		{8231A298-1F85-4553-89EF-053941BFF269}.Release|x86.ActiveCfg = Release|iPhone
		{61702869-11AE-439E-BC66-1E170EF42B43}.Ad-Hoc|Any CPU.ActiveCfg = Release|Any CPU
		{61702869-11AE-439E-BC66-1E170EF42B43}.Ad-Hoc|Any CPU.Build.0 = Release|Any CPU
		{61702869-11AE-439E-BC66-1E170EF42B43}.Ad-Hoc|ARM.ActiveCfg = Release|Any CPU
		{61702869-11AE-439E-BC66-1E170EF42B43}.Ad-Hoc|ARM.Build.0 = Release|Any CPU
		{61702869-11AE-439E-BC66-1E170EF42B43}.Ad-Hoc|iPhone.ActiveCfg = Release|Any CPU
		{61702869-11AE-439E-BC66-1E170EF42B43}.Ad-Hoc|iPhone.Build.0 = Release|Any CPU
		{61702869-11AE-439E-BC66-1E170EF42B43}.Ad-Hoc|iPhoneSimulator.ActiveCfg = Release|Any CPU
		{61702869-11AE-439E-BC66-1E170EF42B43}.Ad-Hoc|iPhoneSimulator.Build.0 = Release|Any CPU
		{61702869-11AE-439E-BC66-1E170EF42B43}.Ad-Hoc|x64.ActiveCfg = Release|Any CPU
		{61702869-11AE-439E-BC66-1E170EF42B43}.Ad-Hoc|x64.Build.0 = Release|Any CPU
		{61702869-11AE-439E-BC66-1E170EF42B43}.Ad-Hoc|x86.ActiveCfg = Release|Any CPU
		{61702869-11AE-439E-BC66-1E170EF42B43}.Ad-Hoc|x86.Build.0 = Release|Any CPU
		{61702869-11AE-439E-BC66-1E170EF42B43}.AppStore|Any CPU.ActiveCfg = Release|Any CPU
		{61702869-11AE-439E-BC66-1E170EF42B43}.AppStore|Any CPU.Build.0 = Release|Any CPU
		{61702869-11AE-439E-BC66-1E170EF42B43}.AppStore|ARM.ActiveCfg = Release|Any CPU
		{61702869-11AE-439E-BC66-1E170EF42B43}.AppStore|ARM.Build.0 = Release|Any CPU
		{61702869-11AE-439E-BC66-1E170EF42B43}.AppStore|iPhone.ActiveCfg = Release|Any CPU
		{61702869-11AE-439E-BC66-1E170EF42B43}.AppStore|iPhone.Build.0 = Release|Any CPU
		{61702869-11AE-439E-BC66-1E170EF42B43}.AppStore|iPhoneSimulator.ActiveCfg = Release|Any CPU
		{61702869-11AE-439E-BC66-1E170EF42B43}.AppStore|iPhoneSimulator.Build.0 = Release|Any CPU
		{61702869-11AE-439E-BC66-1E170EF42B43}.AppStore|x64.ActiveCfg = Release|Any CPU
		{61702869-11AE-439E-BC66-1E170EF42B43}.AppStore|x64.Build.0 = Release|Any CPU
		{61702869-11AE-439E-BC66-1E170EF42B43}.AppStore|x86.ActiveCfg = Release|Any CPU
		{61702869-11AE-439E-BC66-1E170EF42B43}.AppStore|x86.Build.0 = Release|Any CPU
		{61702869-11AE-439E-BC66-1E170EF42B43}.Debug_Mocked_Pumping_iOS|Any CPU.ActiveCfg = Debug|Any CPU
		{61702869-11AE-439E-BC66-1E170EF42B43}.Debug_Mocked_Pumping_iOS|Any CPU.Build.0 = Debug|Any CPU
		{61702869-11AE-439E-BC66-1E170EF42B43}.Debug_Mocked_Pumping_iOS|ARM.ActiveCfg = Debug|Any CPU
		{61702869-11AE-439E-BC66-1E170EF42B43}.Debug_Mocked_Pumping_iOS|ARM.Build.0 = Debug|Any CPU
		{61702869-11AE-439E-BC66-1E170EF42B43}.Debug_Mocked_Pumping_iOS|iPhone.ActiveCfg = Debug|Any CPU
		{61702869-11AE-439E-BC66-1E170EF42B43}.Debug_Mocked_Pumping_iOS|iPhone.Build.0 = Debug|Any CPU
		{61702869-11AE-439E-BC66-1E170EF42B43}.Debug_Mocked_Pumping_iOS|iPhoneSimulator.ActiveCfg = Debug|Any CPU
		{61702869-11AE-439E-BC66-1E170EF42B43}.Debug_Mocked_Pumping_iOS|iPhoneSimulator.Build.0 = Debug|Any CPU
		{61702869-11AE-439E-BC66-1E170EF42B43}.Debug_Mocked_Pumping_iOS|x64.ActiveCfg = Debug|Any CPU
		{61702869-11AE-439E-BC66-1E170EF42B43}.Debug_Mocked_Pumping_iOS|x64.Build.0 = Debug|Any CPU
		{61702869-11AE-439E-BC66-1E170EF42B43}.Debug_Mocked_Pumping_iOS|x86.ActiveCfg = Debug|Any CPU
		{61702869-11AE-439E-BC66-1E170EF42B43}.Debug_Mocked_Pumping_iOS|x86.Build.0 = Debug|Any CPU
		{61702869-11AE-439E-BC66-1E170EF42B43}.Debug_Mocked_Pumping|Any CPU.ActiveCfg = Debug|Any CPU
		{61702869-11AE-439E-BC66-1E170EF42B43}.Debug_Mocked_Pumping|Any CPU.Build.0 = Debug|Any CPU
		{61702869-11AE-439E-BC66-1E170EF42B43}.Debug_Mocked_Pumping|ARM.ActiveCfg = Debug|Any CPU
		{61702869-11AE-439E-BC66-1E170EF42B43}.Debug_Mocked_Pumping|ARM.Build.0 = Debug|Any CPU
		{61702869-11AE-439E-BC66-1E170EF42B43}.Debug_Mocked_Pumping|iPhone.ActiveCfg = Debug|Any CPU
		{61702869-11AE-439E-BC66-1E170EF42B43}.Debug_Mocked_Pumping|iPhone.Build.0 = Debug|Any CPU
		{61702869-11AE-439E-BC66-1E170EF42B43}.Debug_Mocked_Pumping|iPhoneSimulator.ActiveCfg = Debug|Any CPU
		{61702869-11AE-439E-BC66-1E170EF42B43}.Debug_Mocked_Pumping|iPhoneSimulator.Build.0 = Debug|Any CPU
		{61702869-11AE-439E-BC66-1E170EF42B43}.Debug_Mocked_Pumping|x64.ActiveCfg = Debug|Any CPU
		{61702869-11AE-439E-BC66-1E170EF42B43}.Debug_Mocked_Pumping|x64.Build.0 = Debug|Any CPU
		{61702869-11AE-439E-BC66-1E170EF42B43}.Debug_Mocked_Pumping|x86.ActiveCfg = Debug|Any CPU
		{61702869-11AE-439E-BC66-1E170EF42B43}.Debug_Mocked_Pumping|x86.Build.0 = Debug|Any CPU
		{61702869-11AE-439E-BC66-1E170EF42B43}.Debug|Any CPU.ActiveCfg = Debug|Any CPU
		{61702869-11AE-439E-BC66-1E170EF42B43}.Debug|Any CPU.Build.0 = Debug|Any CPU
		{61702869-11AE-439E-BC66-1E170EF42B43}.Debug|ARM.ActiveCfg = Debug|Any CPU
		{61702869-11AE-439E-BC66-1E170EF42B43}.Debug|ARM.Build.0 = Debug|Any CPU
		{61702869-11AE-439E-BC66-1E170EF42B43}.Debug|iPhone.ActiveCfg = Debug|Any CPU
		{61702869-11AE-439E-BC66-1E170EF42B43}.Debug|iPhone.Build.0 = Debug|Any CPU
		{61702869-11AE-439E-BC66-1E170EF42B43}.Debug|iPhoneSimulator.ActiveCfg = Debug|Any CPU
		{61702869-11AE-439E-BC66-1E170EF42B43}.Debug|iPhoneSimulator.Build.0 = Debug|Any CPU
		{61702869-11AE-439E-BC66-1E170EF42B43}.Debug|x64.ActiveCfg = Debug|Any CPU
		{61702869-11AE-439E-BC66-1E170EF42B43}.Debug|x64.Build.0 = Debug|Any CPU
		{61702869-11AE-439E-BC66-1E170EF42B43}.Debug|x86.ActiveCfg = Debug|Any CPU
		{61702869-11AE-439E-BC66-1E170EF42B43}.Debug|x86.Build.0 = Debug|Any CPU
		{61702869-11AE-439E-BC66-1E170EF42B43}.MockedPumping|Any CPU.ActiveCfg = Debug|Any CPU
		{61702869-11AE-439E-BC66-1E170EF42B43}.MockedPumping|Any CPU.Build.0 = Debug|Any CPU
		{61702869-11AE-439E-BC66-1E170EF42B43}.MockedPumping|ARM.ActiveCfg = Debug|Any CPU
		{61702869-11AE-439E-BC66-1E170EF42B43}.MockedPumping|ARM.Build.0 = Debug|Any CPU
		{61702869-11AE-439E-BC66-1E170EF42B43}.MockedPumping|iPhone.ActiveCfg = Debug|Any CPU
		{61702869-11AE-439E-BC66-1E170EF42B43}.MockedPumping|iPhone.Build.0 = Debug|Any CPU
		{61702869-11AE-439E-BC66-1E170EF42B43}.MockedPumping|iPhoneSimulator.ActiveCfg = Debug|Any CPU
		{61702869-11AE-439E-BC66-1E170EF42B43}.MockedPumping|iPhoneSimulator.Build.0 = Debug|Any CPU
		{61702869-11AE-439E-BC66-1E170EF42B43}.MockedPumping|x64.ActiveCfg = Debug|Any CPU
		{61702869-11AE-439E-BC66-1E170EF42B43}.MockedPumping|x64.Build.0 = Debug|Any CPU
		{61702869-11AE-439E-BC66-1E170EF42B43}.MockedPumping|x86.ActiveCfg = Debug|Any CPU
		{61702869-11AE-439E-BC66-1E170EF42B43}.MockedPumping|x86.Build.0 = Debug|Any CPU
		{61702869-11AE-439E-BC66-1E170EF42B43}.Release|Any CPU.ActiveCfg = Release|Any CPU
		{61702869-11AE-439E-BC66-1E170EF42B43}.Release|Any CPU.Build.0 = Release|Any CPU
		{61702869-11AE-439E-BC66-1E170EF42B43}.Release|ARM.ActiveCfg = Release|Any CPU
		{61702869-11AE-439E-BC66-1E170EF42B43}.Release|ARM.Build.0 = Release|Any CPU
		{61702869-11AE-439E-BC66-1E170EF42B43}.Release|iPhone.ActiveCfg = Release|Any CPU
		{61702869-11AE-439E-BC66-1E170EF42B43}.Release|iPhone.Build.0 = Release|Any CPU
		{61702869-11AE-439E-BC66-1E170EF42B43}.Release|iPhoneSimulator.ActiveCfg = Release|Any CPU
		{61702869-11AE-439E-BC66-1E170EF42B43}.Release|iPhoneSimulator.Build.0 = Release|Any CPU
		{61702869-11AE-439E-BC66-1E170EF42B43}.Release|x64.ActiveCfg = Release|Any CPU
		{61702869-11AE-439E-BC66-1E170EF42B43}.Release|x64.Build.0 = Release|Any CPU
		{61702869-11AE-439E-BC66-1E170EF42B43}.Release|x86.ActiveCfg = Release|Any CPU
		{61702869-11AE-439E-BC66-1E170EF42B43}.Release|x86.Build.0 = Release|Any CPU
	EndGlobalSection
	GlobalSection(SolutionProperties) = preSolution
		HideSolutionNode = FALSE
	EndGlobalSection
	GlobalSection(ExtensibilityGlobals) = postSolution
		SolutionGuid = {A64BFCB6-C249-47A7-A62B-AEBB2D3667F8}
	EndGlobalSection
EndGlobal
